
Microsoft Visual Studio Solution File, Format Version 12.00
# Visual Studio 15
Project("{FAE04EC0-301F-11D3-BF4B-00C04F79EFBC}") = "RelationalAITests", "RelationalAITests\RelationalAITests.csproj", "{A822E187-C8F3-41C3-8461-D236D12126BA}"
EndProject
Project("{FAE04EC0-301F-11D3-BF4B-00C04F79EFBC}") = "RelationalAI", "RelationalAI\RelationalAI.csproj", "{C7ED6857-CAA7-4EAD-B5AD-D8423AB07F22}"
EndProject
Global
	GlobalSection(SolutionConfigurationPlatforms) = preSolution
		Debug|Any CPU = Debug|Any CPU
		Release|Any CPU = Release|Any CPU
	EndGlobalSection
	GlobalSection(ProjectConfigurationPlatforms) = postSolution
		{A822E187-C8F3-41C3-8461-D236D12126BA}.Debug|Any CPU.ActiveCfg = Debug|Any CPU
		{A822E187-C8F3-41C3-8461-D236D12126BA}.Debug|Any CPU.Build.0 = Debug|Any CPU
		{A822E187-C8F3-41C3-8461-D236D12126BA}.Release|Any CPU.ActiveCfg = Release|Any CPU
		{A822E187-C8F3-41C3-8461-D236D12126BA}.Release|Any CPU.Build.0 = Release|Any CPU
		{C7ED6857-CAA7-4EAD-B5AD-D8423AB07F22}.Debug|Any CPU.ActiveCfg = Debug|Any CPU
		{C7ED6857-CAA7-4EAD-B5AD-D8423AB07F22}.Debug|Any CPU.Build.0 = Debug|Any CPU
		{C7ED6857-CAA7-4EAD-B5AD-D8423AB07F22}.Release|Any CPU.ActiveCfg = Release|Any CPU
		{C7ED6857-CAA7-4EAD-B5AD-D8423AB07F22}.Release|Any CPU.Build.0 = Release|Any CPU
		{547FBC84-EDD7-4804-84C4-67FE7D157DB2}.Debug|Any CPU.ActiveCfg = Debug|Any CPU
		{547FBC84-EDD7-4804-84C4-67FE7D157DB2}.Debug|Any CPU.Build.0 = Debug|Any CPU
		{547FBC84-EDD7-4804-84C4-67FE7D157DB2}.Release|Any CPU.ActiveCfg = Release|Any CPU
		{547FBC84-EDD7-4804-84C4-67FE7D157DB2}.Release|Any CPU.Build.0 = Release|Any CPU
		{4BA20540-A18F-4844-B639-592187267FE3}.Debug|Any CPU.ActiveCfg = Debug|Any CPU
		{4BA20540-A18F-4844-B639-592187267FE3}.Debug|Any CPU.Build.0 = Debug|Any CPU
		{4BA20540-A18F-4844-B639-592187267FE3}.Release|Any CPU.ActiveCfg = Release|Any CPU
		{4BA20540-A18F-4844-B639-592187267FE3}.Release|Any CPU.Build.0 = Release|Any CPU
	EndGlobalSection
EndGlobal
